
Microsoft Visual Studio Solution File, Format Version 12.00
# Visual Studio Version 16
VisualStudioVersion = 16.0.31105.61
MinimumVisualStudioVersion = 10.0.40219.1
Project("{9A19103F-16F7-4668-BE54-9A1E7A4F7556}") = "TestSuite", "TestSuite\TestSuite.csproj", "{44AFD781-7267-4170-90BC-FD050A7AEA2B}"
EndProject
Project("{9A19103F-16F7-4668-BE54-9A1E7A4F7556}") = "MatrixCalculator", "MatrixCalculator\MatrixCalculator.csproj", "{102F8426-2709-441B-9F89-2700EC48B846}"
EndProject
Project("{9A19103F-16F7-4668-BE54-9A1E7A4F7556}") = "GUI", "GUI\GUI.csproj", "{50F5BAA5-2B49-4623-BA6C-97CD5A01E5F1}"
EndProject
Global
	GlobalSection(SolutionConfigurationPlatforms) = preSolution
		Debug|Any CPU = Debug|Any CPU
		Release|Any CPU = Release|Any CPU
	EndGlobalSection
	GlobalSection(ProjectConfigurationPlatforms) = postSolution
		{44AFD781-7267-4170-90BC-FD050A7AEA2B}.Debug|Any CPU.ActiveCfg = Debug|Any CPU
		{44AFD781-7267-4170-90BC-FD050A7AEA2B}.Debug|Any CPU.Build.0 = Debug|Any CPU
		{44AFD781-7267-4170-90BC-FD050A7AEA2B}.Release|Any CPU.ActiveCfg = Release|Any CPU
		{102F8426-2709-441B-9F89-2700EC48B846}.Debug|Any CPU.ActiveCfg = Debug|Any CPU
		{102F8426-2709-441B-9F89-2700EC48B846}.Debug|Any CPU.Build.0 = Debug|Any CPU
		{102F8426-2709-441B-9F89-2700EC48B846}.Release|Any CPU.ActiveCfg = Release|Any CPU
		{102F8426-2709-441B-9F89-2700EC48B846}.Release|Any CPU.Build.0 = Release|Any CPU
		{50F5BAA5-2B49-4623-BA6C-97CD5A01E5F1}.Debug|Any CPU.ActiveCfg = Debug|Any CPU
		{50F5BAA5-2B49-4623-BA6C-97CD5A01E5F1}.Debug|Any CPU.Build.0 = Debug|Any CPU
		{50F5BAA5-2B49-4623-BA6C-97CD5A01E5F1}.Release|Any CPU.ActiveCfg = Release|Any CPU
		{50F5BAA5-2B49-4623-BA6C-97CD5A01E5F1}.Release|Any CPU.Build.0 = Release|Any CPU
	EndGlobalSection
	GlobalSection(SolutionProperties) = preSolution
		HideSolutionNode = FALSE
	EndGlobalSection
	GlobalSection(ExtensibilityGlobals) = postSolution
		SolutionGuid = {80E13E04-59A2-4317-9F4C-C13181847888}
	EndGlobalSection
EndGlobal
